
Microsoft Visual Studio Solution File, Format Version 12.00
# Visual Studio Version 16
VisualStudioVersion = 16.0.30128.74
MinimumVisualStudioVersion = 10.0.40219.1
Project("{FAE04EC0-301F-11D3-BF4B-00C04F79EFBC}") = "OMSWebMini", "OMSWebMini\OMSWebMini.csproj", "{D76A59AB-EE12-4EC7-89A5-FCD140A48EA8}"
EndProject
Global
	GlobalSection(SolutionConfigurationPlatforms) = preSolution
		Debug|Any CPU = Debug|Any CPU
		Release|Any CPU = Release|Any CPU
	EndGlobalSection
	GlobalSection(ProjectConfigurationPlatforms) = postSolution
		{D76A59AB-EE12-4EC7-89A5-FCD140A48EA8}.Debug|Any CPU.ActiveCfg = Debug|Any CPU
		{D76A59AB-EE12-4EC7-89A5-FCD140A48EA8}.Debug|Any CPU.Build.0 = Debug|Any CPU
		{D76A59AB-EE12-4EC7-89A5-FCD140A48EA8}.Release|Any CPU.ActiveCfg = Release|Any CPU
		{D76A59AB-EE12-4EC7-89A5-FCD140A48EA8}.Release|Any CPU.Build.0 = Release|Any CPU
	EndGlobalSection
	GlobalSection(SolutionProperties) = preSolution
		HideSolutionNode = FALSE
	EndGlobalSection
	GlobalSection(ExtensibilityGlobals) = postSolution
		SolutionGuid = {50DFA021-D050-460D-A4CE-36E59500BF53}
	EndGlobalSection
EndGlobal
